
Microsoft Visual Studio Solution File, Format Version 12.00
# Visual Studio 15
VisualStudioVersion = 15.0.27428.2037
MinimumVisualStudioVersion = 10.0.40219.1
Project("{8BC9CEB8-8B4A-11D0-8D11-00A0C91BC942}") = "17087_Hide_And_Seek", "17087_Hide_And_Seek\17087_Hide_And_Seek.vcxproj", "{B336E87B-7EF8-4D8C-A0BA-9611E6C00D6E}"
EndProject
Global
	GlobalSection(SolutionConfigurationPlatforms) = preSolution
		Debug|x64 = Debug|x64
		Debug|x86 = Debug|x86
		Release|x64 = Release|x64
		Release|x86 = Release|x86
	EndGlobalSection
	GlobalSection(ProjectConfigurationPlatforms) = postSolution
		{B336E87B-7EF8-4D8C-A0BA-9611E6C00D6E}.Debug|x64.ActiveCfg = Debug|x64
		{B336E87B-7EF8-4D8C-A0BA-9611E6C00D6E}.Debug|x64.Build.0 = Debug|x64
		{B336E87B-7EF8-4D8C-A0BA-9611E6C00D6E}.Debug|x86.ActiveCfg = Debug|Win32
		{B336E87B-7EF8-4D8C-A0BA-9611E6C00D6E}.Debug|x86.Build.0 = Debug|Win32
		{B336E87B-7EF8-4D8C-A0BA-9611E6C00D6E}.Release|x64.ActiveCfg = Release|x64
		{B336E87B-7EF8-4D8C-A0BA-9611E6C00D6E}.Release|x64.Build.0 = Release|x64
		{B336E87B-7EF8-4D8C-A0BA-9611E6C00D6E}.Release|x86.ActiveCfg = Release|Win32
		{B336E87B-7EF8-4D8C-A0BA-9611E6C00D6E}.Release|x86.Build.0 = Release|Win32
	EndGlobalSection
	GlobalSection(SolutionProperties) = preSolution
		HideSolutionNode = FALSE
	EndGlobalSection
	GlobalSection(ExtensibilityGlobals) = postSolution
		SolutionGuid = {D1DC8E9B-3B27-4CA6-A909-14909C4E9916}
	EndGlobalSection
EndGlobal
