
Microsoft Visual Studio Solution File, Format Version 12.00
# Visual Studio 15
VisualStudioVersion = 15.0.27428.2037
MinimumVisualStudioVersion = 10.0.40219.1
Project("{8BC9CEB8-8B4A-11D0-8D11-00A0C91BC942}") = "15988_Ott(3)", "15988_Ott(3)\15988_Ott(3).vcxproj", "{C10F8D2B-2EFE-46F9-9154-2F89D4094F91}"
EndProject
Global
	GlobalSection(SolutionConfigurationPlatforms) = preSolution
		Debug|x64 = Debug|x64
		Debug|x86 = Debug|x86
		Release|x64 = Release|x64
		Release|x86 = Release|x86
	EndGlobalSection
	GlobalSection(ProjectConfigurationPlatforms) = postSolution
		{C10F8D2B-2EFE-46F9-9154-2F89D4094F91}.Debug|x64.ActiveCfg = Debug|x64
		{C10F8D2B-2EFE-46F9-9154-2F89D4094F91}.Debug|x64.Build.0 = Debug|x64
		{C10F8D2B-2EFE-46F9-9154-2F89D4094F91}.Debug|x86.ActiveCfg = Debug|Win32
		{C10F8D2B-2EFE-46F9-9154-2F89D4094F91}.Debug|x86.Build.0 = Debug|Win32
		{C10F8D2B-2EFE-46F9-9154-2F89D4094F91}.Release|x64.ActiveCfg = Release|x64
		{C10F8D2B-2EFE-46F9-9154-2F89D4094F91}.Release|x64.Build.0 = Release|x64
		{C10F8D2B-2EFE-46F9-9154-2F89D4094F91}.Release|x86.ActiveCfg = Release|Win32
		{C10F8D2B-2EFE-46F9-9154-2F89D4094F91}.Release|x86.Build.0 = Release|Win32
	EndGlobalSection
	GlobalSection(SolutionProperties) = preSolution
		HideSolutionNode = FALSE
	EndGlobalSection
	GlobalSection(ExtensibilityGlobals) = postSolution
		SolutionGuid = {789061A0-5B73-4381-B96C-D0296D435458}
	EndGlobalSection
EndGlobal
