
Microsoft Visual Studio Solution File, Format Version 12.00
# Visual Studio 15
VisualStudioVersion = 15.0.27428.2037
MinimumVisualStudioVersion = 10.0.40219.1
Project("{8BC9CEB8-8B4A-11D0-8D11-00A0C91BC942}") = "9461", "9461\9461.vcxproj", "{F07A6A28-9928-4874-B8B2-2AD344FFF2FD}"
EndProject
Global
	GlobalSection(SolutionConfigurationPlatforms) = preSolution
		Debug|x64 = Debug|x64
		Debug|x86 = Debug|x86
		Release|x64 = Release|x64
		Release|x86 = Release|x86
	EndGlobalSection
	GlobalSection(ProjectConfigurationPlatforms) = postSolution
		{F07A6A28-9928-4874-B8B2-2AD344FFF2FD}.Debug|x64.ActiveCfg = Debug|x64
		{F07A6A28-9928-4874-B8B2-2AD344FFF2FD}.Debug|x64.Build.0 = Debug|x64
		{F07A6A28-9928-4874-B8B2-2AD344FFF2FD}.Debug|x86.ActiveCfg = Debug|Win32
		{F07A6A28-9928-4874-B8B2-2AD344FFF2FD}.Debug|x86.Build.0 = Debug|Win32
		{F07A6A28-9928-4874-B8B2-2AD344FFF2FD}.Release|x64.ActiveCfg = Release|x64
		{F07A6A28-9928-4874-B8B2-2AD344FFF2FD}.Release|x64.Build.0 = Release|x64
		{F07A6A28-9928-4874-B8B2-2AD344FFF2FD}.Release|x86.ActiveCfg = Release|Win32
		{F07A6A28-9928-4874-B8B2-2AD344FFF2FD}.Release|x86.Build.0 = Release|Win32
	EndGlobalSection
	GlobalSection(SolutionProperties) = preSolution
		HideSolutionNode = FALSE
	EndGlobalSection
	GlobalSection(ExtensibilityGlobals) = postSolution
		SolutionGuid = {CE5C9A61-30E7-4117-A6DE-DF9BF5811B79}
	EndGlobalSection
EndGlobal
