
Microsoft Visual Studio Solution File, Format Version 12.00
# Visual Studio 15
VisualStudioVersion = 15.0.27428.2037
MinimumVisualStudioVersion = 10.0.40219.1
Project("{8BC9CEB8-8B4A-11D0-8D11-00A0C91BC942}") = "2884_alarm", "2884_alarm\2884_alarm.vcxproj", "{4BA347CF-90C7-4F22-918D-F5C37CF03BB9}"
EndProject
Global
	GlobalSection(SolutionConfigurationPlatforms) = preSolution
		Debug|x64 = Debug|x64
		Debug|x86 = Debug|x86
		Release|x64 = Release|x64
		Release|x86 = Release|x86
	EndGlobalSection
	GlobalSection(ProjectConfigurationPlatforms) = postSolution
		{4BA347CF-90C7-4F22-918D-F5C37CF03BB9}.Debug|x64.ActiveCfg = Debug|x64
		{4BA347CF-90C7-4F22-918D-F5C37CF03BB9}.Debug|x64.Build.0 = Debug|x64
		{4BA347CF-90C7-4F22-918D-F5C37CF03BB9}.Debug|x86.ActiveCfg = Debug|Win32
		{4BA347CF-90C7-4F22-918D-F5C37CF03BB9}.Debug|x86.Build.0 = Debug|Win32
		{4BA347CF-90C7-4F22-918D-F5C37CF03BB9}.Release|x64.ActiveCfg = Release|x64
		{4BA347CF-90C7-4F22-918D-F5C37CF03BB9}.Release|x64.Build.0 = Release|x64
		{4BA347CF-90C7-4F22-918D-F5C37CF03BB9}.Release|x86.ActiveCfg = Release|Win32
		{4BA347CF-90C7-4F22-918D-F5C37CF03BB9}.Release|x86.Build.0 = Release|Win32
	EndGlobalSection
	GlobalSection(SolutionProperties) = preSolution
		HideSolutionNode = FALSE
	EndGlobalSection
	GlobalSection(ExtensibilityGlobals) = postSolution
		SolutionGuid = {5C24E9A9-F320-44E0-A909-A95C4AFB4C44}
	EndGlobalSection
EndGlobal
