
Microsoft Visual Studio Solution File, Format Version 12.00
# Visual Studio 15
VisualStudioVersion = 15.0.27428.2037
MinimumVisualStudioVersion = 10.0.40219.1
Project("{8BC9CEB8-8B4A-11D0-8D11-00A0C91BC942}") = "16194_Buy_Card_2", "16194_Buy_Card_2\16194_Buy_Card_2.vcxproj", "{7C5ABCC3-3217-4269-896F-DC172C1FF971}"
EndProject
Global
	GlobalSection(SolutionConfigurationPlatforms) = preSolution
		Debug|x64 = Debug|x64
		Debug|x86 = Debug|x86
		Release|x64 = Release|x64
		Release|x86 = Release|x86
	EndGlobalSection
	GlobalSection(ProjectConfigurationPlatforms) = postSolution
		{7C5ABCC3-3217-4269-896F-DC172C1FF971}.Debug|x64.ActiveCfg = Debug|x64
		{7C5ABCC3-3217-4269-896F-DC172C1FF971}.Debug|x64.Build.0 = Debug|x64
		{7C5ABCC3-3217-4269-896F-DC172C1FF971}.Debug|x86.ActiveCfg = Debug|Win32
		{7C5ABCC3-3217-4269-896F-DC172C1FF971}.Debug|x86.Build.0 = Debug|Win32
		{7C5ABCC3-3217-4269-896F-DC172C1FF971}.Release|x64.ActiveCfg = Release|x64
		{7C5ABCC3-3217-4269-896F-DC172C1FF971}.Release|x64.Build.0 = Release|x64
		{7C5ABCC3-3217-4269-896F-DC172C1FF971}.Release|x86.ActiveCfg = Release|Win32
		{7C5ABCC3-3217-4269-896F-DC172C1FF971}.Release|x86.Build.0 = Release|Win32
	EndGlobalSection
	GlobalSection(SolutionProperties) = preSolution
		HideSolutionNode = FALSE
	EndGlobalSection
	GlobalSection(ExtensibilityGlobals) = postSolution
		SolutionGuid = {1A80A279-DB85-455F-A685-9214E23F6418}
	EndGlobalSection
EndGlobal
